// !$*UTF8*$!
{
	archiveVersion = 1;
	classes = {
	};
	objectVersion = 50;
	objects = {

/* Begin PBXBuildFile section */
		C7A38E5D25A675BB0040B7DB /* AppDelegate.swift in Sources */ = {isa = PBXBuildFile; fileRef = C7A38E5C25A675BB0040B7DB /* AppDelegate.swift */; };
		C7A38E6125A675BB0040B7DB /* ViewController.swift in Sources */ = {isa = PBXBuildFile; fileRef = C7A38E6025A675BB0040B7DB /* ViewController.swift */; };
		C7A38E6425A675BB0040B7DB /* Main.storyboard in Resources */ = {isa = PBXBuildFile; fileRef = C7A38E6225A675BB0040B7DB /* Main.storyboard */; };
		C7A38E6625A675BC0040B7DB /* Assets.xcassets in Resources */ = {isa = PBXBuildFile; fileRef = C7A38E6525A675BC0040B7DB /* Assets.xcassets */; };
		C7A38E6925A675BC0040B7DB /* LaunchScreen.storyboard in Resources */ = {isa = PBXBuildFile; fileRef = C7A38E6725A675BC0040B7DB /* LaunchScreen.storyboard */; };
		C7A38E7A25A681380040B7DB /* ProductsTableViewController.swift in Sources */ = {isa = PBXBuildFile; fileRef = C7A38E7925A681380040B7DB /* ProductsTableViewController.swift */; };
		C7A38E7E25A68B5E0040B7DB /* ProductTableViewCell.swift in Sources */ = {isa = PBXBuildFile; fileRef = C7A38E7D25A68B5E0040B7DB /* ProductTableViewCell.swift */; };
		C7A38E8525A699C30040B7DB /* BrunoDemetriusDorenaltoMarcelo.xcdatamodeld in Sources */ = {isa = PBXBuildFile; fileRef = C7A38E8325A699C30040B7DB /* BrunoDemetriusDorenaltoMarcelo.xcdatamodeld */; };
		C7A38E8A25A6A93C0040B7DB /* ProductFormViewController.swift in Sources */ = {isa = PBXBuildFile; fileRef = C7A38E8925A6A93C0040B7DB /* ProductFormViewController.swift */; };
/* End PBXBuildFile section */

/* Begin PBXFileReference section */
		C7A38E5925A675BB0040B7DB /* BrunoDemetriusDorenaltoMarcelo.app */ = {isa = PBXFileReference; explicitFileType = wrapper.application; includeInIndex = 0; path = BrunoDemetriusDorenaltoMarcelo.app; sourceTree = BUILT_PRODUCTS_DIR; };
		C7A38E5C25A675BB0040B7DB /* AppDelegate.swift */ = {isa = PBXFileReference; lastKnownFileType = sourcecode.swift; path = AppDelegate.swift; sourceTree = "<group>"; };
		C7A38E6025A675BB0040B7DB /* ViewController.swift */ = {isa = PBXFileReference; lastKnownFileType = sourcecode.swift; path = ViewController.swift; sourceTree = "<group>"; };
		C7A38E6325A675BB0040B7DB /* Base */ = {isa = PBXFileReference; lastKnownFileType = file.storyboard; name = Base; path = Base.lproj/Main.storyboard; sourceTree = "<group>"; };
		C7A38E6525A675BC0040B7DB /* Assets.xcassets */ = {isa = PBXFileReference; lastKnownFileType = folder.assetcatalog; path = Assets.xcassets; sourceTree = "<group>"; };
		C7A38E6825A675BC0040B7DB /* Base */ = {isa = PBXFileReference; lastKnownFileType = file.storyboard; name = Base; path = Base.lproj/LaunchScreen.storyboard; sourceTree = "<group>"; };
		C7A38E6A25A675BC0040B7DB /* Info.plist */ = {isa = PBXFileReference; lastKnownFileType = text.plist.xml; path = Info.plist; sourceTree = "<group>"; };
		C7A38E7925A681380040B7DB /* ProductsTableViewController.swift */ = {isa = PBXFileReference; lastKnownFileType = sourcecode.swift; path = ProductsTableViewController.swift; sourceTree = "<group>"; };
		C7A38E7D25A68B5E0040B7DB /* ProductTableViewCell.swift */ = {isa = PBXFileReference; lastKnownFileType = sourcecode.swift; path = ProductTableViewCell.swift; sourceTree = "<group>"; };
		C7A38E8425A699C30040B7DB /* BrunoDemetriusDorenaltoMarcelo.xcdatamodel */ = {isa = PBXFileReference; lastKnownFileType = wrapper.xcdatamodel; path = BrunoDemetriusDorenaltoMarcelo.xcdatamodel; sourceTree = "<group>"; };
		C7A38E8925A6A93C0040B7DB /* ProductFormViewController.swift */ = {isa = PBXFileReference; lastKnownFileType = sourcecode.swift; path = ProductFormViewController.swift; sourceTree = "<group>"; };
/* End PBXFileReference section */

/* Begin PBXFrameworksBuildPhase section */
		C7A38E5625A675BB0040B7DB /* Frameworks */ = {
			isa = PBXFrameworksBuildPhase;
			buildActionMask = 2147483647;
			files = (
			);
			runOnlyForDeploymentPostprocessing = 0;
		};
/* End PBXFrameworksBuildPhase section */

/* Begin PBXGroup section */
		C7A38E5025A675BB0040B7DB = {
			isa = PBXGroup;
			children = (
				C7A38E5B25A675BB0040B7DB /* BrunoDemetriusDorenaltoMarcelo */,
				C7A38E5A25A675BB0040B7DB /* Products */,
			);
			sourceTree = "<group>";
		};
		C7A38E5A25A675BB0040B7DB /* Products */ = {
			isa = PBXGroup;
			children = (
				C7A38E5925A675BB0040B7DB /* BrunoDemetriusDorenaltoMarcelo.app */,
			);
			name = Products;
			sourceTree = "<group>";
		};
		C7A38E5B25A675BB0040B7DB /* BrunoDemetriusDorenaltoMarcelo */ = {
			isa = PBXGroup;
			children = (
				C7A38E8725A6A8EA0040B7DB /* ProductForm */,
				C7A38E8225A6994D0040B7DB /* Files */,
				C7A38E8025A692AB0040B7DB /* Extensions */,
				C7A38E7725A680CE0040B7DB /* ProductListing */,
				C7A38E7325A67D150040B7DB /* Main */,
				C7A38E7425A67D1E0040B7DB /* Supporting Files */,
				C7A38E6025A675BB0040B7DB /* ViewController.swift */,
				C7A38E6225A675BB0040B7DB /* Main.storyboard */,
			);
			path = BrunoDemetriusDorenaltoMarcelo;
			sourceTree = "<group>";
		};
		C7A38E7325A67D150040B7DB /* Main */ = {
			isa = PBXGroup;
			children = (
				C7A38E5C25A675BB0040B7DB /* AppDelegate.swift */,
			);
			path = Main;
			sourceTree = "<group>";
		};
		C7A38E7425A67D1E0040B7DB /* Supporting Files */ = {
			isa = PBXGroup;
			children = (
				C7A38E6525A675BC0040B7DB /* Assets.xcassets */,
				C7A38E6725A675BC0040B7DB /* LaunchScreen.storyboard */,
				C7A38E6A25A675BC0040B7DB /* Info.plist */,
			);
			path = "Supporting Files";
			sourceTree = "<group>";
		};
		C7A38E7725A680CE0040B7DB /* ProductListing */ = {
			isa = PBXGroup;
			children = (
				C7A38E7C25A68B2C0040B7DB /* View */,
				C7A38E7825A680E40040B7DB /* Controller */,
			);
			path = ProductListing;
			sourceTree = "<group>";
		};
		C7A38E7825A680E40040B7DB /* Controller */ = {
			isa = PBXGroup;
			children = (
				C7A38E7925A681380040B7DB /* ProductsTableViewController.swift */,
			);
			path = Controller;
			sourceTree = "<group>";
		};
		C7A38E7C25A68B2C0040B7DB /* View */ = {
			isa = PBXGroup;
			children = (
				C7A38E7D25A68B5E0040B7DB /* ProductTableViewCell.swift */,
			);
			path = View;
			sourceTree = "<group>";
		};
		C7A38E8025A692AB0040B7DB /* Extensions */ = {
			isa = PBXGroup;
			children = (
			);
			path = Extensions;
			sourceTree = "<group>";
		};
		C7A38E8225A6994D0040B7DB /* Files */ = {
			isa = PBXGroup;
			children = (
				C7A38E8325A699C30040B7DB /* BrunoDemetriusDorenaltoMarcelo.xcdatamodeld */,
			);
			path = Files;
			sourceTree = "<group>";
		};
		C7A38E8725A6A8EA0040B7DB /* ProductForm */ = {
			isa = PBXGroup;
			children = (
				C7A38E8825A6A8F90040B7DB /* Controller */,
			);
			path = ProductForm;
			sourceTree = "<group>";
		};
		C7A38E8825A6A8F90040B7DB /* Controller */ = {
			isa = PBXGroup;
			children = (
				C7A38E8925A6A93C0040B7DB /* ProductFormViewController.swift */,
			);
			path = Controller;
			sourceTree = "<group>";
		};
/* End PBXGroup section */

/* Begin PBXNativeTarget section */
		C7A38E5825A675BB0040B7DB /* BrunoDemetriusDorenaltoMarcelo */ = {
			isa = PBXNativeTarget;
			buildConfigurationList = C7A38E6D25A675BC0040B7DB /* Build configuration list for PBXNativeTarget "BrunoDemetriusDorenaltoMarcelo" */;
			buildPhases = (
				C7A38E5525A675BB0040B7DB /* Sources */,
				C7A38E5625A675BB0040B7DB /* Frameworks */,
				C7A38E5725A675BB0040B7DB /* Resources */,
			);
			buildRules = (
			);
			dependencies = (
			);
			name = BrunoDemetriusDorenaltoMarcelo;
			productName = BrunoDemetriusDorenaltoMarcelo;
			productReference = C7A38E5925A675BB0040B7DB /* BrunoDemetriusDorenaltoMarcelo.app */;
			productType = "com.apple.product-type.application";
		};
/* End PBXNativeTarget section */

/* Begin PBXProject section */
		C7A38E5125A675BB0040B7DB /* Project object */ = {
			isa = PBXProject;
			attributes = {
				LastSwiftUpdateCheck = 1230;
				LastUpgradeCheck = 1230;
				ORGANIZATIONNAME = FIAP;
				TargetAttributes = {
					C7A38E5825A675BB0040B7DB = {
						CreatedOnToolsVersion = 12.3;
					};
				};
			};
			buildConfigurationList = C7A38E5425A675BB0040B7DB /* Build configuration list for PBXProject "BrunoDemetriusDorenaltoMarcelo" */;
			compatibilityVersion = "Xcode 9.3";
			developmentRegion = en;
			hasScannedForEncodings = 0;
			knownRegions = (
				en,
				Base,
			);
			mainGroup = C7A38E5025A675BB0040B7DB;
			productRefGroup = C7A38E5A25A675BB0040B7DB /* Products */;
			projectDirPath = "";
			projectRoot = "";
			targets = (
				C7A38E5825A675BB0040B7DB /* BrunoDemetriusDorenaltoMarcelo */,
			);
		};
/* End PBXProject section */

/* Begin PBXResourcesBuildPhase section */
		C7A38E5725A675BB0040B7DB /* Resources */ = {
			isa = PBXResourcesBuildPhase;
			buildActionMask = 2147483647;
			files = (
				C7A38E6925A675BC0040B7DB /* LaunchScreen.storyboard in Resources */,
				C7A38E6625A675BC0040B7DB /* Assets.xcassets in Resources */,
				C7A38E6425A675BB0040B7DB /* Main.storyboard in Resources */,
			);
			runOnlyForDeploymentPostprocessing = 0;
		};
/* End PBXResourcesBuildPhase section */

/* Begin PBXSourcesBuildPhase section */
		C7A38E5525A675BB0040B7DB /* Sources */ = {
			isa = PBXSourcesBuildPhase;
			buildActionMask = 2147483647;
			files = (
				C7A38E8525A699C30040B7DB /* BrunoDemetriusDorenaltoMarcelo.xcdatamodeld in Sources */,
				C7A38E6125A675BB0040B7DB /* ViewController.swift in Sources */,
				C7A38E8A25A6A93C0040B7DB /* ProductFormViewController.swift in Sources */,
				C7A38E7E25A68B5E0040B7DB /* ProductTableViewCell.swift in Sources */,
				C7A38E7A25A681380040B7DB /* ProductsTableViewController.swift in Sources */,
				C7A38E5D25A675BB0040B7DB /* AppDelegate.swift in Sources */,
			);
			runOnlyForDeploymentPostprocessing = 0;
		};
/* End PBXSourcesBuildPhase section */

/* Begin PBXVariantGroup section */
		C7A38E6225A675BB0040B7DB /* Main.storyboard */ = {
			isa = PBXVariantGroup;
			children = (
				C7A38E6325A675BB0040B7DB /* Base */,
			);
			name = Main.storyboard;
			sourceTree = "<group>";
		};
		C7A38E6725A675BC0040B7DB /* LaunchScreen.storyboard */ = {
			isa = PBXVariantGroup;
			children = (
				C7A38E6825A675BC0040B7DB /* Base */,
			);
			name = LaunchScreen.storyboard;
			sourceTree = "<group>";
		};
/* End PBXVariantGroup section */

/* Begin XCBuildConfiguration section */
		C7A38E6B25A675BC0040B7DB /* Debug */ = {
			isa = XCBuildConfiguration;
			buildSettings = {
				ALWAYS_SEARCH_USER_PATHS = NO;
				CLANG_ANALYZER_NONNULL = YES;
				CLANG_ANALYZER_NUMBER_OBJECT_CONVERSION = YES_AGGRESSIVE;
				CLANG_CXX_LANGUAGE_STANDARD = "gnu++14";
				CLANG_CXX_LIBRARY = "libc++";
				CLANG_ENABLE_MODULES = YES;
				CLANG_ENABLE_OBJC_ARC = YES;
				CLANG_ENABLE_OBJC_WEAK = YES;
				CLANG_WARN_BLOCK_CAPTURE_AUTORELEASING = YES;
				CLANG_WARN_BOOL_CONVERSION = YES;
				CLANG_WARN_COMMA = YES;
				CLANG_WARN_CONSTANT_CONVERSION = YES;
				CLANG_WARN_DEPRECATED_OBJC_IMPLEMENTATIONS = YES;
				CLANG_WARN_DIRECT_OBJC_ISA_USAGE = YES_ERROR;
				CLANG_WARN_DOCUMENTATION_COMMENTS = YES;
				CLANG_WARN_EMPTY_BODY = YES;
				CLANG_WARN_ENUM_CONVERSION = YES;
				CLANG_WARN_INFINITE_RECURSION = YES;
				CLANG_WARN_INT_CONVERSION = YES;
				CLANG_WARN_NON_LITERAL_NULL_CONVERSION = YES;
				CLANG_WARN_OBJC_IMPLICIT_RETAIN_SELF = YES;
				CLANG_WARN_OBJC_LITERAL_CONVERSION = YES;
				CLANG_WARN_OBJC_ROOT_CLASS = YES_ERROR;
				CLANG_WARN_QUOTED_INCLUDE_IN_FRAMEWORK_HEADER = YES;
				CLANG_WARN_RANGE_LOOP_ANALYSIS = YES;
				CLANG_WARN_STRICT_PROTOTYPES = YES;
				CLANG_WARN_SUSPICIOUS_MOVE = YES;
				CLANG_WARN_UNGUARDED_AVAILABILITY = YES_AGGRESSIVE;
				CLANG_WARN_UNREACHABLE_CODE = YES;
				CLANG_WARN__DUPLICATE_METHOD_MATCH = YES;
				COPY_PHASE_STRIP = NO;
				DEBUG_INFORMATION_FORMAT = dwarf;
				ENABLE_STRICT_OBJC_MSGSEND = YES;
				ENABLE_TESTABILITY = YES;
				GCC_C_LANGUAGE_STANDARD = gnu11;
				GCC_DYNAMIC_NO_PIC = NO;
				GCC_NO_COMMON_BLOCKS = YES;
				GCC_OPTIMIZATION_LEVEL = 0;
				GCC_PREPROCESSOR_DEFINITIONS = (
					"DEBUG=1",
					"$(inherited)",
				);
				GCC_WARN_64_TO_32_BIT_CONVERSION = YES;
				GCC_WARN_ABOUT_RETURN_TYPE = YES_ERROR;
				GCC_WARN_UNDECLARED_SELECTOR = YES;
				GCC_WARN_UNINITIALIZED_AUTOS = YES_AGGRESSIVE;
				GCC_WARN_UNUSED_FUNCTION = YES;
				GCC_WARN_UNUSED_VARIABLE = YES;
				IPHONEOS_DEPLOYMENT_TARGET = 14.3;
				MTL_ENABLE_DEBUG_INFO = INCLUDE_SOURCE;
				MTL_FAST_MATH = YES;
				ONLY_ACTIVE_ARCH = YES;
				SDKROOT = iphoneos;
				SWIFT_ACTIVE_COMPILATION_CONDITIONS = DEBUG;
				SWIFT_OPTIMIZATION_LEVEL = "-Onone";
			};
			name = Debug;
		};
		C7A38E6C25A675BC0040B7DB /* Release */ = {
			isa = XCBuildConfiguration;
			buildSettings = {
				ALWAYS_SEARCH_USER_PATHS = NO;
				CLANG_ANALYZER_NONNULL = YES;
				CLANG_ANALYZER_NUMBER_OBJECT_CONVERSION = YES_AGGRESSIVE;
				CLANG_CXX_LANGUAGE_STANDARD = "gnu++14";
				CLANG_CXX_LIBRARY = "libc++";
				CLANG_ENABLE_MODULES = YES;
				CLANG_ENABLE_OBJC_ARC = YES;
				CLANG_ENABLE_OBJC_WEAK = YES;
				CLANG_WARN_BLOCK_CAPTURE_AUTORELEASING = YES;
				CLANG_WARN_BOOL_CONVERSION = YES;
				CLANG_WARN_COMMA = YES;
				CLANG_WARN_CONSTANT_CONVERSION = YES;
				CLANG_WARN_DEPRECATED_OBJC_IMPLEMENTATIONS = YES;
				CLANG_WARN_DIRECT_OBJC_ISA_USAGE = YES_ERROR;
				CLANG_WARN_DOCUMENTATION_COMMENTS = YES;
				CLANG_WARN_EMPTY_BODY = YES;
				CLANG_WARN_ENUM_CONVERSION = YES;
				CLANG_WARN_INFINITE_RECURSION = YES;
				CLANG_WARN_INT_CONVERSION = YES;
				CLANG_WARN_NON_LITERAL_NULL_CONVERSION = YES;
				CLANG_WARN_OBJC_IMPLICIT_RETAIN_SELF = YES;
				CLANG_WARN_OBJC_LITERAL_CONVERSION = YES;
				CLANG_WARN_OBJC_ROOT_CLASS = YES_ERROR;
				CLANG_WARN_QUOTED_INCLUDE_IN_FRAMEWORK_HEADER = YES;
				CLANG_WARN_RANGE_LOOP_ANALYSIS = YES;
				CLANG_WARN_STRICT_PROTOTYPES = YES;
				CLANG_WARN_SUSPICIOUS_MOVE = YES;
				CLANG_WARN_UNGUARDED_AVAILABILITY = YES_AGGRESSIVE;
				CLANG_WARN_UNREACHABLE_CODE = YES;
				CLANG_WARN__DUPLICATE_METHOD_MATCH = YES;
				COPY_PHASE_STRIP = NO;
				DEBUG_INFORMATION_FORMAT = "dwarf-with-dsym";
				ENABLE_NS_ASSERTIONS = NO;
				ENABLE_STRICT_OBJC_MSGSEND = YES;
				GCC_C_LANGUAGE_STANDARD = gnu11;
				GCC_NO_COMMON_BLOCKS = YES;
				GCC_WARN_64_TO_32_BIT_CONVERSION = YES;
				GCC_WARN_ABOUT_RETURN_TYPE = YES_ERROR;
				GCC_WARN_UNDECLARED_SELECTOR = YES;
				GCC_WARN_UNINITIALIZED_AUTOS = YES_AGGRESSIVE;
				GCC_WARN_UNUSED_FUNCTION = YES;
				GCC_WARN_UNUSED_VARIABLE = YES;
				IPHONEOS_DEPLOYMENT_TARGET = 14.3;
				MTL_ENABLE_DEBUG_INFO = NO;
				MTL_FAST_MATH = YES;
				SDKROOT = iphoneos;
				SWIFT_COMPILATION_MODE = wholemodule;
				SWIFT_OPTIMIZATION_LEVEL = "-O";
				VALIDATE_PRODUCT = YES;
			};
			name = Release;
		};
		C7A38E6E25A675BC0040B7DB /* Debug */ = {
			isa = XCBuildConfiguration;
			buildSettings = {
				ASSETCATALOG_COMPILER_APPICON_NAME = AppIcon;
				ASSETCATALOG_COMPILER_GLOBAL_ACCENT_COLOR_NAME = AccentColor;
				CODE_SIGN_STYLE = Automatic;
				INFOPLIST_FILE = "BrunoDemetriusDorenaltoMarcelo/Supporting Files/Info.plist";
				IPHONEOS_DEPLOYMENT_TARGET = 13.6;
				LD_RUNPATH_SEARCH_PATHS = (
					"$(inherited)",
					"@executable_path/Frameworks",
				);
				PRODUCT_BUNDLE_IDENTIFIER = FIAP.BrunoDemetriusDorenaltoMarcelo;
				PRODUCT_NAME = "$(TARGET_NAME)";
				SWIFT_VERSION = 5.0;
				TARGETED_DEVICE_FAMILY = "1,2";
			};
			name = Debug;
		};
		C7A38E6F25A675BC0040B7DB /* Release */ = {
			isa = XCBuildConfiguration;
			buildSettings = {
				ASSETCATALOG_COMPILER_APPICON_NAME = AppIcon;
				ASSETCATALOG_COMPILER_GLOBAL_ACCENT_COLOR_NAME = AccentColor;
				CODE_SIGN_STYLE = Automatic;
				INFOPLIST_FILE = "BrunoDemetriusDorenaltoMarcelo/Supporting Files/Info.plist";
				IPHONEOS_DEPLOYMENT_TARGET = 13.6;
				LD_RUNPATH_SEARCH_PATHS = (
					"$(inherited)",
					"@executable_path/Frameworks",
				);
				PRODUCT_BUNDLE_IDENTIFIER = FIAP.BrunoDemetriusDorenaltoMarcelo;
				PRODUCT_NAME = "$(TARGET_NAME)";
				SWIFT_VERSION = 5.0;
				TARGETED_DEVICE_FAMILY = "1,2";
			};
			name = Release;
		};
/* End XCBuildConfiguration section */

/* Begin XCConfigurationList section */
		C7A38E5425A675BB0040B7DB /* Build configuration list for PBXProject "BrunoDemetriusDorenaltoMarcelo" */ = {
			isa = XCConfigurationList;
			buildConfigurations = (
				C7A38E6B25A675BC0040B7DB /* Debug */,
				C7A38E6C25A675BC0040B7DB /* Release */,
			);
			defaultConfigurationIsVisible = 0;
			defaultConfigurationName = Release;
		};
		C7A38E6D25A675BC0040B7DB /* Build configuration list for PBXNativeTarget "BrunoDemetriusDorenaltoMarcelo" */ = {
			isa = XCConfigurationList;
			buildConfigurations = (
				C7A38E6E25A675BC0040B7DB /* Debug */,
				C7A38E6F25A675BC0040B7DB /* Release */,
			);
			defaultConfigurationIsVisible = 0;
			defaultConfigurationName = Release;
		};
/* End XCConfigurationList section */

/* Begin XCVersionGroup section */
		C7A38E8325A699C30040B7DB /* BrunoDemetriusDorenaltoMarcelo.xcdatamodeld */ = {
			isa = XCVersionGroup;
			children = (
				C7A38E8425A699C30040B7DB /* BrunoDemetriusDorenaltoMarcelo.xcdatamodel */,
			);
			currentVersion = C7A38E8425A699C30040B7DB /* BrunoDemetriusDorenaltoMarcelo.xcdatamodel */;
			path = BrunoDemetriusDorenaltoMarcelo.xcdatamodeld;
			sourceTree = "<group>";
			versionGroupType = wrapper.xcdatamodel;
		};
/* End XCVersionGroup section */
	};
	rootObject = C7A38E5125A675BB0040B7DB /* Project object */;
}
